
Microsoft Visual Studio Solution File, Format Version 12.00
# Visual Studio Version 16
VisualStudioVersion = 16.0.809.8
MinimumVisualStudioVersion = 10.0.40219.1
Project("{FAE04EC0-301F-11D3-BF4B-00C04F79EFBC}") = "sppenyakitlambung.Android", "sppenyakitlambung.Android\sppenyakitlambung.Android.csproj", "{1D008B2B-6BD4-4B7C-AB13-ECE49B94867A}"
EndProject
Project("{FAE04EC0-301F-11D3-BF4B-00C04F79EFBC}") = "sppenyakitlambung.iOS", "sppenyakitlambung.iOS\sppenyakitlambung.iOS.csproj", "{E7C376F5-33EA-4D70-8D52-845D3A39BEB0}"
EndProject
Project("{FAE04EC0-301F-11D3-BF4B-00C04F79EFBC}") = "sppenyakitlambung", "sppenyakitlambung\sppenyakitlambung.csproj", "{5C0977F0-D55D-43CE-AE82-66EF757D4735}"
EndProject
Global
	GlobalSection(SolutionConfigurationPlatforms) = preSolution
		Debug|Any CPU = Debug|Any CPU
		Release|Any CPU = Release|Any CPU
		Debug|iPhoneSimulator = Debug|iPhoneSimulator
		Release|iPhoneSimulator = Release|iPhoneSimulator
		Debug|iPhone = Debug|iPhone
		Release|iPhone = Release|iPhone
	EndGlobalSection
	GlobalSection(ProjectConfigurationPlatforms) = postSolution
		{1D008B2B-6BD4-4B7C-AB13-ECE49B94867A}.Debug|Any CPU.ActiveCfg = Debug|Any CPU
		{1D008B2B-6BD4-4B7C-AB13-ECE49B94867A}.Debug|Any CPU.Build.0 = Debug|Any CPU
		{1D008B2B-6BD4-4B7C-AB13-ECE49B94867A}.Release|Any CPU.ActiveCfg = Release|Any CPU
		{1D008B2B-6BD4-4B7C-AB13-ECE49B94867A}.Release|Any CPU.Build.0 = Release|Any CPU
		{1D008B2B-6BD4-4B7C-AB13-ECE49B94867A}.Debug|iPhoneSimulator.ActiveCfg = Debug|Any CPU
		{1D008B2B-6BD4-4B7C-AB13-ECE49B94867A}.Debug|iPhoneSimulator.Build.0 = Debug|Any CPU
		{1D008B2B-6BD4-4B7C-AB13-ECE49B94867A}.Release|iPhoneSimulator.ActiveCfg = Release|Any CPU
		{1D008B2B-6BD4-4B7C-AB13-ECE49B94867A}.Release|iPhoneSimulator.Build.0 = Release|Any CPU
		{1D008B2B-6BD4-4B7C-AB13-ECE49B94867A}.Debug|iPhone.ActiveCfg = Debug|Any CPU
		{1D008B2B-6BD4-4B7C-AB13-ECE49B94867A}.Debug|iPhone.Build.0 = Debug|Any CPU
		{1D008B2B-6BD4-4B7C-AB13-ECE49B94867A}.Release|iPhone.ActiveCfg = Release|Any CPU
		{1D008B2B-6BD4-4B7C-AB13-ECE49B94867A}.Release|iPhone.Build.0 = Release|Any CPU
		{E7C376F5-33EA-4D70-8D52-845D3A39BEB0}.Debug|Any CPU.ActiveCfg = Debug|iPhoneSimulator
		{E7C376F5-33EA-4D70-8D52-845D3A39BEB0}.Debug|Any CPU.Build.0 = Debug|iPhoneSimulator
		{E7C376F5-33EA-4D70-8D52-845D3A39BEB0}.Release|Any CPU.ActiveCfg = Release|iPhoneSimulator
		{E7C376F5-33EA-4D70-8D52-845D3A39BEB0}.Release|Any CPU.Build.0 = Release|iPhoneSimulator
		{E7C376F5-33EA-4D70-8D52-845D3A39BEB0}.Debug|iPhoneSimulator.ActiveCfg = Debug|iPhoneSimulator
		{E7C376F5-33EA-4D70-8D52-845D3A39BEB0}.Debug|iPhoneSimulator.Build.0 = Debug|iPhoneSimulator
		{E7C376F5-33EA-4D70-8D52-845D3A39BEB0}.Release|iPhoneSimulator.ActiveCfg = Release|iPhoneSimulator
		{E7C376F5-33EA-4D70-8D52-845D3A39BEB0}.Release|iPhoneSimulator.Build.0 = Release|iPhoneSimulator
		{E7C376F5-33EA-4D70-8D52-845D3A39BEB0}.Debug|iPhone.ActiveCfg = Debug|iPhone
		{E7C376F5-33EA-4D70-8D52-845D3A39BEB0}.Debug|iPhone.Build.0 = Debug|iPhone
		{E7C376F5-33EA-4D70-8D52-845D3A39BEB0}.Release|iPhone.ActiveCfg = Release|iPhone
		{E7C376F5-33EA-4D70-8D52-845D3A39BEB0}.Release|iPhone.Build.0 = Release|iPhone
		{5C0977F0-D55D-43CE-AE82-66EF757D4735}.Debug|Any CPU.ActiveCfg = Debug|Any CPU
		{5C0977F0-D55D-43CE-AE82-66EF757D4735}.Debug|Any CPU.Build.0 = Debug|Any CPU
		{5C0977F0-D55D-43CE-AE82-66EF757D4735}.Release|Any CPU.ActiveCfg = Release|Any CPU
		{5C0977F0-D55D-43CE-AE82-66EF757D4735}.Release|Any CPU.Build.0 = Release|Any CPU
		{5C0977F0-D55D-43CE-AE82-66EF757D4735}.Debug|iPhoneSimulator.ActiveCfg = Debug|Any CPU
		{5C0977F0-D55D-43CE-AE82-66EF757D4735}.Debug|iPhoneSimulator.Build.0 = Debug|Any CPU
		{5C0977F0-D55D-43CE-AE82-66EF757D4735}.Release|iPhoneSimulator.ActiveCfg = Release|Any CPU
		{5C0977F0-D55D-43CE-AE82-66EF757D4735}.Release|iPhoneSimulator.Build.0 = Release|Any CPU
		{5C0977F0-D55D-43CE-AE82-66EF757D4735}.Debug|iPhone.ActiveCfg = Debug|Any CPU
		{5C0977F0-D55D-43CE-AE82-66EF757D4735}.Debug|iPhone.Build.0 = Debug|Any CPU
		{5C0977F0-D55D-43CE-AE82-66EF757D4735}.Release|iPhone.ActiveCfg = Release|Any CPU
		{5C0977F0-D55D-43CE-AE82-66EF757D4735}.Release|iPhone.Build.0 = Release|Any CPU
	EndGlobalSection
	GlobalSection(SolutionProperties) = preSolution
		HideSolutionNode = FALSE
	EndGlobalSection
	GlobalSection(ExtensibilityGlobals) = postSolution
		SolutionGuid = {3E7E4301-A358-4C95-8D68-C87D17EE0390}
	EndGlobalSection
EndGlobal
